
Microsoft Visual Studio Solution File, Format Version 12.00
# Visual Studio Version 16
VisualStudioVersion = 16.0.28803.202
MinimumVisualStudioVersion = 10.0.40219.1
Project("{FAE04EC0-301F-11D3-BF4B-00C04F79EFBC}") = "DiaryWeb", "DiaryWeb\DiaryWeb.csproj", "{6402E60D-4CF5-4F0A-BD0E-2CEA123A880C}"
EndProject
Global
	GlobalSection(SolutionConfigurationPlatforms) = preSolution
		Debug|Any CPU = Debug|Any CPU
		Release|Any CPU = Release|Any CPU
	EndGlobalSection
	GlobalSection(ProjectConfigurationPlatforms) = postSolution
		{6402E60D-4CF5-4F0A-BD0E-2CEA123A880C}.Debug|Any CPU.ActiveCfg = Debug|Any CPU
		{6402E60D-4CF5-4F0A-BD0E-2CEA123A880C}.Debug|Any CPU.Build.0 = Debug|Any CPU
		{6402E60D-4CF5-4F0A-BD0E-2CEA123A880C}.Release|Any CPU.ActiveCfg = Release|Any CPU
		{6402E60D-4CF5-4F0A-BD0E-2CEA123A880C}.Release|Any CPU.Build.0 = Release|Any CPU
	EndGlobalSection
	GlobalSection(SolutionProperties) = preSolution
		HideSolutionNode = FALSE
	EndGlobalSection
	GlobalSection(ExtensibilityGlobals) = postSolution
		SolutionGuid = {939C37D8-8F19-4301-B416-5688DB005460}
	EndGlobalSection
EndGlobal
